
Microsoft Visual Studio Solution File, Format Version 12.00
# Visual Studio Version 16
VisualStudioVersion = 16.0.31729.503
MinimumVisualStudioVersion = 10.0.40219.1
Project("{FAE04EC0-301F-11D3-BF4B-00C04F79EFBC}") = "CryptoTracking WPF", "CryptoTracking WPF\CryptoTracking WPF.csproj", "{3CF81657-E43F-43DF-AB4E-F569B41FCF56}"
EndProject
Global
	GlobalSection(SolutionConfigurationPlatforms) = preSolution
		Debug|Any CPU = Debug|Any CPU
		Release|Any CPU = Release|Any CPU
	EndGlobalSection
	GlobalSection(ProjectConfigurationPlatforms) = postSolution
		{3CF81657-E43F-43DF-AB4E-F569B41FCF56}.Debug|Any CPU.ActiveCfg = Debug|Any CPU
		{3CF81657-E43F-43DF-AB4E-F569B41FCF56}.Debug|Any CPU.Build.0 = Debug|Any CPU
		{3CF81657-E43F-43DF-AB4E-F569B41FCF56}.Release|Any CPU.ActiveCfg = Release|Any CPU
		{3CF81657-E43F-43DF-AB4E-F569B41FCF56}.Release|Any CPU.Build.0 = Release|Any CPU
	EndGlobalSection
	GlobalSection(SolutionProperties) = preSolution
		HideSolutionNode = FALSE
	EndGlobalSection
	GlobalSection(ExtensibilityGlobals) = postSolution
		SolutionGuid = {C80373AE-82C2-4B81-85FC-F97633A0B23A}
	EndGlobalSection
EndGlobal
